
Microsoft Visual Studio Solution File, Format Version 12.00
# Visual Studio Version 16
VisualStudioVersion = 16.0.28711.60
MinimumVisualStudioVersion = 10.0.40219.1
Project("{9A19103F-16F7-4668-BE54-9A1E7A4F7556}") = "Ginder.Common", "src\Ginder.Common\Ginder.Common.csproj", "{00FEA7A9-4189-40AE-8F15-62E16B0D03DB}"
EndProject
Project("{9A19103F-16F7-4668-BE54-9A1E7A4F7556}") = "Ginder.Blazor", "src\Ginder.Blazor\Ginder.Blazor.csproj", "{EA101EE9-2DF4-4AC9-90AF-403AF3F1DB70}"
EndProject
Project("{9A19103F-16F7-4668-BE54-9A1E7A4F7556}") = "Ginder", "src\Ginder\Ginder.csproj", "{813FAB95-AE16-40A5-AD1C-E49D359E9A99}"
	ProjectSection(ProjectDependencies) = postProject
		{EA101EE9-2DF4-4AC9-90AF-403AF3F1DB70} = {EA101EE9-2DF4-4AC9-90AF-403AF3F1DB70}
	EndProjectSection
EndProject
Project("{FAE04EC0-301F-11D3-BF4B-00C04F79EFBC}") = "Ginder.Android", "src\Ginder.Android\Ginder.Android.csproj", "{196E821C-80D9-4149-986A-10BAA326A0F7}"
EndProject
Project("{FAE04EC0-301F-11D3-BF4B-00C04F79EFBC}") = "Ginder.iOS", "src\Ginder.iOS\Ginder.iOS.csproj", "{9C2AF7FD-255B-4203-8990-B0AC913FE723}"
EndProject
Project("{9A19103F-16F7-4668-BE54-9A1E7A4F7556}") = "Ginder.Blazor.Server", "src\Ginder.Blazor.Server\Ginder.Blazor.Server.csproj", "{60525725-32CB-4743-B2A0-B65A2787C9BD}"
EndProject
Project("{FAE04EC0-301F-11D3-BF4B-00C04F79EFBC}") = "Ginder.UWP", "src\Ginder.UWP\Ginder.UWP.csproj", "{D07689F9-3D6D-4454-A9C5-0AC4268A4DFD}"
EndProject
Project("{9A19103F-16F7-4668-BE54-9A1E7A4F7556}") = "Ginder.Desktop", "src\Ginder.Desktop\Ginder.Desktop.csproj", "{744D1C4B-D713-4C30-BF9B-D42E7F78D33B}"
EndProject
Project("{9A19103F-16F7-4668-BE54-9A1E7A4F7556}") = "Ginder.AppPackage", "src\Ginder.AppPackage\Ginder.AppPackage.csproj", "{86AD3A79-9407-4DDA-9A51-DC1A7D9DE1BA}"
	ProjectSection(ProjectDependencies) = postProject
		{EA101EE9-2DF4-4AC9-90AF-403AF3F1DB70} = {EA101EE9-2DF4-4AC9-90AF-403AF3F1DB70}
	EndProjectSection
EndProject
Project("{2150E333-8FDC-42A3-9474-1A3956D46DE8}") = "Api", "Api", "{0526B5D8-3982-4FF1-83A9-28818DFCECC9}"
EndProject
Project("{2150E333-8FDC-42A3-9474-1A3956D46DE8}") = "App", "App", "{DCDCA3DA-0AFE-457A-A327-39845E9D8E0E}"
EndProject
Project("{2150E333-8FDC-42A3-9474-1A3956D46DE8}") = "Commons", "Commons", "{8193F199-FA8F-494B-AD77-41EF80E3631A}"
EndProject
Project("{9A19103F-16F7-4668-BE54-9A1E7A4F7556}") = "Ginder.API", "src\Ginder.API\Ginder.API.csproj", "{EE2F40CD-032A-4056-8155-4AA8B70F8933}"
EndProject
Project("{9A19103F-16F7-4668-BE54-9A1E7A4F7556}") = "Ginder.Infra", "src\Ginder.Infra\Ginder.Infra.csproj", "{BC59EBD0-BFDC-4547-A990-276F3DABAF97}"
EndProject
Project("{9A19103F-16F7-4668-BE54-9A1E7A4F7556}") = "Ginder.Domain", "src\Ginder.Domain\Ginder.Domain.csproj", "{C647223C-D986-4D36-B265-5BD7C40BBD5A}"
EndProject
Project("{9A19103F-16F7-4668-BE54-9A1E7A4F7556}") = "Ginder.ExposeAPI", "src\Ginder.ExposeAPI\Ginder.ExposeAPI.csproj", "{9A3E0A2F-1BC8-48E9-B124-AB3D26718F15}"
EndProject
Project("{2150E333-8FDC-42A3-9474-1A3956D46DE8}") = "Commons", "Commons", "{D2C22709-B15F-4AC8-B10B-0063CA15E1DC}"
EndProject
Global
	GlobalSection(SolutionConfigurationPlatforms) = preSolution
		Ad-Hoc|Any CPU = Ad-Hoc|Any CPU
		Ad-Hoc|ARM = Ad-Hoc|ARM
		Ad-Hoc|iPhone = Ad-Hoc|iPhone
		Ad-Hoc|iPhoneSimulator = Ad-Hoc|iPhoneSimulator
		Ad-Hoc|x64 = Ad-Hoc|x64
		Ad-Hoc|x86 = Ad-Hoc|x86
		AppStore|Any CPU = AppStore|Any CPU
		AppStore|ARM = AppStore|ARM
		AppStore|iPhone = AppStore|iPhone
		AppStore|iPhoneSimulator = AppStore|iPhoneSimulator
		AppStore|x64 = AppStore|x64
		AppStore|x86 = AppStore|x86
		Debug|Any CPU = Debug|Any CPU
		Debug|ARM = Debug|ARM
		Debug|iPhone = Debug|iPhone
		Debug|iPhoneSimulator = Debug|iPhoneSimulator
		Debug|x64 = Debug|x64
		Debug|x86 = Debug|x86
		Release|Any CPU = Release|Any CPU
		Release|ARM = Release|ARM
		Release|iPhone = Release|iPhone
		Release|iPhoneSimulator = Release|iPhoneSimulator
		Release|x64 = Release|x64
		Release|x86 = Release|x86
	EndGlobalSection
	GlobalSection(ProjectConfigurationPlatforms) = postSolution
		{00FEA7A9-4189-40AE-8F15-62E16B0D03DB}.Ad-Hoc|Any CPU.ActiveCfg = Debug|Any CPU
		{00FEA7A9-4189-40AE-8F15-62E16B0D03DB}.Ad-Hoc|Any CPU.Build.0 = Debug|Any CPU
		{00FEA7A9-4189-40AE-8F15-62E16B0D03DB}.Ad-Hoc|ARM.ActiveCfg = Release|Any CPU
		{00FEA7A9-4189-40AE-8F15-62E16B0D03DB}.Ad-Hoc|ARM.Build.0 = Release|Any CPU
		{00FEA7A9-4189-40AE-8F15-62E16B0D03DB}.Ad-Hoc|iPhone.ActiveCfg = Debug|Any CPU
		{00FEA7A9-4189-40AE-8F15-62E16B0D03DB}.Ad-Hoc|iPhone.Build.0 = Debug|Any CPU
		{00FEA7A9-4189-40AE-8F15-62E16B0D03DB}.Ad-Hoc|iPhoneSimulator.ActiveCfg = Debug|Any CPU
		{00FEA7A9-4189-40AE-8F15-62E16B0D03DB}.Ad-Hoc|iPhoneSimulator.Build.0 = Debug|Any CPU
		{00FEA7A9-4189-40AE-8F15-62E16B0D03DB}.Ad-Hoc|x64.ActiveCfg = Release|Any CPU
		{00FEA7A9-4189-40AE-8F15-62E16B0D03DB}.Ad-Hoc|x64.Build.0 = Release|Any CPU
		{00FEA7A9-4189-40AE-8F15-62E16B0D03DB}.Ad-Hoc|x86.ActiveCfg = Release|Any CPU
		{00FEA7A9-4189-40AE-8F15-62E16B0D03DB}.Ad-Hoc|x86.Build.0 = Release|Any CPU
		{00FEA7A9-4189-40AE-8F15-62E16B0D03DB}.AppStore|Any CPU.ActiveCfg = Debug|Any CPU
		{00FEA7A9-4189-40AE-8F15-62E16B0D03DB}.AppStore|Any CPU.Build.0 = Debug|Any CPU
		{00FEA7A9-4189-40AE-8F15-62E16B0D03DB}.AppStore|ARM.ActiveCfg = Release|Any CPU
		{00FEA7A9-4189-40AE-8F15-62E16B0D03DB}.AppStore|ARM.Build.0 = Release|Any CPU
		{00FEA7A9-4189-40AE-8F15-62E16B0D03DB}.AppStore|iPhone.ActiveCfg = Debug|Any CPU
		{00FEA7A9-4189-40AE-8F15-62E16B0D03DB}.AppStore|iPhone.Build.0 = Debug|Any CPU
		{00FEA7A9-4189-40AE-8F15-62E16B0D03DB}.AppStore|iPhoneSimulator.ActiveCfg = Debug|Any CPU
		{00FEA7A9-4189-40AE-8F15-62E16B0D03DB}.AppStore|iPhoneSimulator.Build.0 = Debug|Any CPU
		{00FEA7A9-4189-40AE-8F15-62E16B0D03DB}.AppStore|x64.ActiveCfg = Release|Any CPU
		{00FEA7A9-4189-40AE-8F15-62E16B0D03DB}.AppStore|x64.Build.0 = Release|Any CPU
		{00FEA7A9-4189-40AE-8F15-62E16B0D03DB}.AppStore|x86.ActiveCfg = Release|Any CPU
		{00FEA7A9-4189-40AE-8F15-62E16B0D03DB}.AppStore|x86.Build.0 = Release|Any CPU
		{00FEA7A9-4189-40AE-8F15-62E16B0D03DB}.Debug|Any CPU.ActiveCfg = Debug|Any CPU
		{00FEA7A9-4189-40AE-8F15-62E16B0D03DB}.Debug|Any CPU.Build.0 = Debug|Any CPU
		{00FEA7A9-4189-40AE-8F15-62E16B0D03DB}.Debug|ARM.ActiveCfg = Debug|Any CPU
		{00FEA7A9-4189-40AE-8F15-62E16B0D03DB}.Debug|ARM.Build.0 = Debug|Any CPU
		{00FEA7A9-4189-40AE-8F15-62E16B0D03DB}.Debug|iPhone.ActiveCfg = Debug|Any CPU
		{00FEA7A9-4189-40AE-8F15-62E16B0D03DB}.Debug|iPhone.Build.0 = Debug|Any CPU
		{00FEA7A9-4189-40AE-8F15-62E16B0D03DB}.Debug|iPhoneSimulator.ActiveCfg = Debug|Any CPU
		{00FEA7A9-4189-40AE-8F15-62E16B0D03DB}.Debug|iPhoneSimulator.Build.0 = Debug|Any CPU
		{00FEA7A9-4189-40AE-8F15-62E16B0D03DB}.Debug|x64.ActiveCfg = Debug|Any CPU
		{00FEA7A9-4189-40AE-8F15-62E16B0D03DB}.Debug|x64.Build.0 = Debug|Any CPU
		{00FEA7A9-4189-40AE-8F15-62E16B0D03DB}.Debug|x86.ActiveCfg = Debug|Any CPU
		{00FEA7A9-4189-40AE-8F15-62E16B0D03DB}.Debug|x86.Build.0 = Debug|Any CPU
		{00FEA7A9-4189-40AE-8F15-62E16B0D03DB}.Release|Any CPU.ActiveCfg = Release|Any CPU
		{00FEA7A9-4189-40AE-8F15-62E16B0D03DB}.Release|Any CPU.Build.0 = Release|Any CPU
		{00FEA7A9-4189-40AE-8F15-62E16B0D03DB}.Release|ARM.ActiveCfg = Release|Any CPU
		{00FEA7A9-4189-40AE-8F15-62E16B0D03DB}.Release|ARM.Build.0 = Release|Any CPU
		{00FEA7A9-4189-40AE-8F15-62E16B0D03DB}.Release|iPhone.ActiveCfg = Release|Any CPU
		{00FEA7A9-4189-40AE-8F15-62E16B0D03DB}.Release|iPhone.Build.0 = Release|Any CPU
		{00FEA7A9-4189-40AE-8F15-62E16B0D03DB}.Release|iPhoneSimulator.ActiveCfg = Release|Any CPU
		{00FEA7A9-4189-40AE-8F15-62E16B0D03DB}.Release|iPhoneSimulator.Build.0 = Release|Any CPU
		{00FEA7A9-4189-40AE-8F15-62E16B0D03DB}.Release|x64.ActiveCfg = Release|Any CPU
		{00FEA7A9-4189-40AE-8F15-62E16B0D03DB}.Release|x64.Build.0 = Release|Any CPU
		{00FEA7A9-4189-40AE-8F15-62E16B0D03DB}.Release|x86.ActiveCfg = Release|Any CPU
		{00FEA7A9-4189-40AE-8F15-62E16B0D03DB}.Release|x86.Build.0 = Release|Any CPU
		{EA101EE9-2DF4-4AC9-90AF-403AF3F1DB70}.Ad-Hoc|Any CPU.ActiveCfg = Debug|Any CPU
		{EA101EE9-2DF4-4AC9-90AF-403AF3F1DB70}.Ad-Hoc|Any CPU.Build.0 = Debug|Any CPU
		{EA101EE9-2DF4-4AC9-90AF-403AF3F1DB70}.Ad-Hoc|ARM.ActiveCfg = Release|Any CPU
		{EA101EE9-2DF4-4AC9-90AF-403AF3F1DB70}.Ad-Hoc|ARM.Build.0 = Release|Any CPU
		{EA101EE9-2DF4-4AC9-90AF-403AF3F1DB70}.Ad-Hoc|iPhone.ActiveCfg = Debug|Any CPU
		{EA101EE9-2DF4-4AC9-90AF-403AF3F1DB70}.Ad-Hoc|iPhone.Build.0 = Debug|Any CPU
		{EA101EE9-2DF4-4AC9-90AF-403AF3F1DB70}.Ad-Hoc|iPhoneSimulator.ActiveCfg = Debug|Any CPU
		{EA101EE9-2DF4-4AC9-90AF-403AF3F1DB70}.Ad-Hoc|iPhoneSimulator.Build.0 = Debug|Any CPU
		{EA101EE9-2DF4-4AC9-90AF-403AF3F1DB70}.Ad-Hoc|x64.ActiveCfg = Release|Any CPU
		{EA101EE9-2DF4-4AC9-90AF-403AF3F1DB70}.Ad-Hoc|x64.Build.0 = Release|Any CPU
		{EA101EE9-2DF4-4AC9-90AF-403AF3F1DB70}.Ad-Hoc|x86.ActiveCfg = Release|Any CPU
		{EA101EE9-2DF4-4AC9-90AF-403AF3F1DB70}.Ad-Hoc|x86.Build.0 = Release|Any CPU
		{EA101EE9-2DF4-4AC9-90AF-403AF3F1DB70}.AppStore|Any CPU.ActiveCfg = Debug|Any CPU
		{EA101EE9-2DF4-4AC9-90AF-403AF3F1DB70}.AppStore|Any CPU.Build.0 = Debug|Any CPU
		{EA101EE9-2DF4-4AC9-90AF-403AF3F1DB70}.AppStore|ARM.ActiveCfg = Release|Any CPU
		{EA101EE9-2DF4-4AC9-90AF-403AF3F1DB70}.AppStore|ARM.Build.0 = Release|Any CPU
		{EA101EE9-2DF4-4AC9-90AF-403AF3F1DB70}.AppStore|iPhone.ActiveCfg = Debug|Any CPU
		{EA101EE9-2DF4-4AC9-90AF-403AF3F1DB70}.AppStore|iPhone.Build.0 = Debug|Any CPU
		{EA101EE9-2DF4-4AC9-90AF-403AF3F1DB70}.AppStore|iPhoneSimulator.ActiveCfg = Debug|Any CPU
		{EA101EE9-2DF4-4AC9-90AF-403AF3F1DB70}.AppStore|iPhoneSimulator.Build.0 = Debug|Any CPU
		{EA101EE9-2DF4-4AC9-90AF-403AF3F1DB70}.AppStore|x64.ActiveCfg = Release|Any CPU
		{EA101EE9-2DF4-4AC9-90AF-403AF3F1DB70}.AppStore|x64.Build.0 = Release|Any CPU
		{EA101EE9-2DF4-4AC9-90AF-403AF3F1DB70}.AppStore|x86.ActiveCfg = Release|Any CPU
		{EA101EE9-2DF4-4AC9-90AF-403AF3F1DB70}.AppStore|x86.Build.0 = Release|Any CPU
		{EA101EE9-2DF4-4AC9-90AF-403AF3F1DB70}.Debug|Any CPU.ActiveCfg = Debug|Any CPU
		{EA101EE9-2DF4-4AC9-90AF-403AF3F1DB70}.Debug|Any CPU.Build.0 = Debug|Any CPU
		{EA101EE9-2DF4-4AC9-90AF-403AF3F1DB70}.Debug|ARM.ActiveCfg = Debug|Any CPU
		{EA101EE9-2DF4-4AC9-90AF-403AF3F1DB70}.Debug|ARM.Build.0 = Debug|Any CPU
		{EA101EE9-2DF4-4AC9-90AF-403AF3F1DB70}.Debug|iPhone.ActiveCfg = Debug|Any CPU
		{EA101EE9-2DF4-4AC9-90AF-403AF3F1DB70}.Debug|iPhone.Build.0 = Debug|Any CPU
		{EA101EE9-2DF4-4AC9-90AF-403AF3F1DB70}.Debug|iPhoneSimulator.ActiveCfg = Debug|Any CPU
		{EA101EE9-2DF4-4AC9-90AF-403AF3F1DB70}.Debug|iPhoneSimulator.Build.0 = Debug|Any CPU
		{EA101EE9-2DF4-4AC9-90AF-403AF3F1DB70}.Debug|x64.ActiveCfg = Debug|Any CPU
		{EA101EE9-2DF4-4AC9-90AF-403AF3F1DB70}.Debug|x64.Build.0 = Debug|Any CPU
		{EA101EE9-2DF4-4AC9-90AF-403AF3F1DB70}.Debug|x86.ActiveCfg = Debug|Any CPU
		{EA101EE9-2DF4-4AC9-90AF-403AF3F1DB70}.Debug|x86.Build.0 = Debug|Any CPU
		{EA101EE9-2DF4-4AC9-90AF-403AF3F1DB70}.Release|Any CPU.ActiveCfg = Release|Any CPU
		{EA101EE9-2DF4-4AC9-90AF-403AF3F1DB70}.Release|Any CPU.Build.0 = Release|Any CPU
		{EA101EE9-2DF4-4AC9-90AF-403AF3F1DB70}.Release|ARM.ActiveCfg = Release|Any CPU
		{EA101EE9-2DF4-4AC9-90AF-403AF3F1DB70}.Release|ARM.Build.0 = Release|Any CPU
		{EA101EE9-2DF4-4AC9-90AF-403AF3F1DB70}.Release|iPhone.ActiveCfg = Release|Any CPU
		{EA101EE9-2DF4-4AC9-90AF-403AF3F1DB70}.Release|iPhone.Build.0 = Release|Any CPU
		{EA101EE9-2DF4-4AC9-90AF-403AF3F1DB70}.Release|iPhoneSimulator.ActiveCfg = Release|Any CPU
		{EA101EE9-2DF4-4AC9-90AF-403AF3F1DB70}.Release|iPhoneSimulator.Build.0 = Release|Any CPU
		{EA101EE9-2DF4-4AC9-90AF-403AF3F1DB70}.Release|x64.ActiveCfg = Release|Any CPU
		{EA101EE9-2DF4-4AC9-90AF-403AF3F1DB70}.Release|x64.Build.0 = Release|Any CPU
		{EA101EE9-2DF4-4AC9-90AF-403AF3F1DB70}.Release|x86.ActiveCfg = Release|Any CPU
		{EA101EE9-2DF4-4AC9-90AF-403AF3F1DB70}.Release|x86.Build.0 = Release|Any CPU
		{813FAB95-AE16-40A5-AD1C-E49D359E9A99}.Ad-Hoc|Any CPU.ActiveCfg = Debug|Any CPU
		{813FAB95-AE16-40A5-AD1C-E49D359E9A99}.Ad-Hoc|Any CPU.Build.0 = Debug|Any CPU
		{813FAB95-AE16-40A5-AD1C-E49D359E9A99}.Ad-Hoc|ARM.ActiveCfg = Release|Any CPU
		{813FAB95-AE16-40A5-AD1C-E49D359E9A99}.Ad-Hoc|ARM.Build.0 = Release|Any CPU
		{813FAB95-AE16-40A5-AD1C-E49D359E9A99}.Ad-Hoc|iPhone.ActiveCfg = Debug|Any CPU
		{813FAB95-AE16-40A5-AD1C-E49D359E9A99}.Ad-Hoc|iPhone.Build.0 = Debug|Any CPU
		{813FAB95-AE16-40A5-AD1C-E49D359E9A99}.Ad-Hoc|iPhoneSimulator.ActiveCfg = Debug|Any CPU
		{813FAB95-AE16-40A5-AD1C-E49D359E9A99}.Ad-Hoc|iPhoneSimulator.Build.0 = Debug|Any CPU
		{813FAB95-AE16-40A5-AD1C-E49D359E9A99}.Ad-Hoc|x64.ActiveCfg = Release|Any CPU
		{813FAB95-AE16-40A5-AD1C-E49D359E9A99}.Ad-Hoc|x64.Build.0 = Release|Any CPU
		{813FAB95-AE16-40A5-AD1C-E49D359E9A99}.Ad-Hoc|x86.ActiveCfg = Release|Any CPU
		{813FAB95-AE16-40A5-AD1C-E49D359E9A99}.Ad-Hoc|x86.Build.0 = Release|Any CPU
		{813FAB95-AE16-40A5-AD1C-E49D359E9A99}.AppStore|Any CPU.ActiveCfg = Debug|Any CPU
		{813FAB95-AE16-40A5-AD1C-E49D359E9A99}.AppStore|Any CPU.Build.0 = Debug|Any CPU
		{813FAB95-AE16-40A5-AD1C-E49D359E9A99}.AppStore|ARM.ActiveCfg = Release|Any CPU
		{813FAB95-AE16-40A5-AD1C-E49D359E9A99}.AppStore|ARM.Build.0 = Release|Any CPU
		{813FAB95-AE16-40A5-AD1C-E49D359E9A99}.AppStore|iPhone.ActiveCfg = Debug|Any CPU
		{813FAB95-AE16-40A5-AD1C-E49D359E9A99}.AppStore|iPhone.Build.0 = Debug|Any CPU
		{813FAB95-AE16-40A5-AD1C-E49D359E9A99}.AppStore|iPhoneSimulator.ActiveCfg = Debug|Any CPU
		{813FAB95-AE16-40A5-AD1C-E49D359E9A99}.AppStore|iPhoneSimulator.Build.0 = Debug|Any CPU
		{813FAB95-AE16-40A5-AD1C-E49D359E9A99}.AppStore|x64.ActiveCfg = Release|Any CPU
		{813FAB95-AE16-40A5-AD1C-E49D359E9A99}.AppStore|x64.Build.0 = Release|Any CPU
		{813FAB95-AE16-40A5-AD1C-E49D359E9A99}.AppStore|x86.ActiveCfg = Release|Any CPU
		{813FAB95-AE16-40A5-AD1C-E49D359E9A99}.AppStore|x86.Build.0 = Release|Any CPU
		{813FAB95-AE16-40A5-AD1C-E49D359E9A99}.Debug|Any CPU.ActiveCfg = Debug|Any CPU
		{813FAB95-AE16-40A5-AD1C-E49D359E9A99}.Debug|Any CPU.Build.0 = Debug|Any CPU
		{813FAB95-AE16-40A5-AD1C-E49D359E9A99}.Debug|ARM.ActiveCfg = Debug|Any CPU
		{813FAB95-AE16-40A5-AD1C-E49D359E9A99}.Debug|ARM.Build.0 = Debug|Any CPU
		{813FAB95-AE16-40A5-AD1C-E49D359E9A99}.Debug|iPhone.ActiveCfg = Debug|Any CPU
		{813FAB95-AE16-40A5-AD1C-E49D359E9A99}.Debug|iPhone.Build.0 = Debug|Any CPU
		{813FAB95-AE16-40A5-AD1C-E49D359E9A99}.Debug|iPhoneSimulator.ActiveCfg = Debug|Any CPU
		{813FAB95-AE16-40A5-AD1C-E49D359E9A99}.Debug|iPhoneSimulator.Build.0 = Debug|Any CPU
		{813FAB95-AE16-40A5-AD1C-E49D359E9A99}.Debug|x64.ActiveCfg = Debug|Any CPU
		{813FAB95-AE16-40A5-AD1C-E49D359E9A99}.Debug|x64.Build.0 = Debug|Any CPU
		{813FAB95-AE16-40A5-AD1C-E49D359E9A99}.Debug|x86.ActiveCfg = Debug|Any CPU
		{813FAB95-AE16-40A5-AD1C-E49D359E9A99}.Debug|x86.Build.0 = Debug|Any CPU
		{813FAB95-AE16-40A5-AD1C-E49D359E9A99}.Release|Any CPU.ActiveCfg = Release|Any CPU
		{813FAB95-AE16-40A5-AD1C-E49D359E9A99}.Release|Any CPU.Build.0 = Release|Any CPU
		{813FAB95-AE16-40A5-AD1C-E49D359E9A99}.Release|ARM.ActiveCfg = Release|Any CPU
		{813FAB95-AE16-40A5-AD1C-E49D359E9A99}.Release|ARM.Build.0 = Release|Any CPU
		{813FAB95-AE16-40A5-AD1C-E49D359E9A99}.Release|iPhone.ActiveCfg = Release|Any CPU
		{813FAB95-AE16-40A5-AD1C-E49D359E9A99}.Release|iPhone.Build.0 = Release|Any CPU
		{813FAB95-AE16-40A5-AD1C-E49D359E9A99}.Release|iPhoneSimulator.ActiveCfg = Release|Any CPU
		{813FAB95-AE16-40A5-AD1C-E49D359E9A99}.Release|iPhoneSimulator.Build.0 = Release|Any CPU
		{813FAB95-AE16-40A5-AD1C-E49D359E9A99}.Release|x64.ActiveCfg = Release|Any CPU
		{813FAB95-AE16-40A5-AD1C-E49D359E9A99}.Release|x64.Build.0 = Release|Any CPU
		{813FAB95-AE16-40A5-AD1C-E49D359E9A99}.Release|x86.ActiveCfg = Release|Any CPU
		{813FAB95-AE16-40A5-AD1C-E49D359E9A99}.Release|x86.Build.0 = Release|Any CPU
		{196E821C-80D9-4149-986A-10BAA326A0F7}.Ad-Hoc|Any CPU.ActiveCfg = Release|Any CPU
		{196E821C-80D9-4149-986A-10BAA326A0F7}.Ad-Hoc|Any CPU.Build.0 = Release|Any CPU
		{196E821C-80D9-4149-986A-10BAA326A0F7}.Ad-Hoc|Any CPU.Deploy.0 = Release|Any CPU
		{196E821C-80D9-4149-986A-10BAA326A0F7}.Ad-Hoc|ARM.ActiveCfg = Debug|Any CPU
		{196E821C-80D9-4149-986A-10BAA326A0F7}.Ad-Hoc|ARM.Build.0 = Debug|Any CPU
		{196E821C-80D9-4149-986A-10BAA326A0F7}.Ad-Hoc|ARM.Deploy.0 = Debug|Any CPU
		{196E821C-80D9-4149-986A-10BAA326A0F7}.Ad-Hoc|iPhone.ActiveCfg = Release|Any CPU
		{196E821C-80D9-4149-986A-10BAA326A0F7}.Ad-Hoc|iPhone.Build.0 = Release|Any CPU
		{196E821C-80D9-4149-986A-10BAA326A0F7}.Ad-Hoc|iPhone.Deploy.0 = Release|Any CPU
		{196E821C-80D9-4149-986A-10BAA326A0F7}.Ad-Hoc|iPhoneSimulator.ActiveCfg = Release|Any CPU
		{196E821C-80D9-4149-986A-10BAA326A0F7}.Ad-Hoc|iPhoneSimulator.Build.0 = Release|Any CPU
		{196E821C-80D9-4149-986A-10BAA326A0F7}.Ad-Hoc|iPhoneSimulator.Deploy.0 = Release|Any CPU
		{196E821C-80D9-4149-986A-10BAA326A0F7}.Ad-Hoc|x64.ActiveCfg = Debug|Any CPU
		{196E821C-80D9-4149-986A-10BAA326A0F7}.Ad-Hoc|x64.Build.0 = Debug|Any CPU
		{196E821C-80D9-4149-986A-10BAA326A0F7}.Ad-Hoc|x64.Deploy.0 = Debug|Any CPU
		{196E821C-80D9-4149-986A-10BAA326A0F7}.Ad-Hoc|x86.ActiveCfg = Debug|Any CPU
		{196E821C-80D9-4149-986A-10BAA326A0F7}.Ad-Hoc|x86.Build.0 = Debug|Any CPU
		{196E821C-80D9-4149-986A-10BAA326A0F7}.Ad-Hoc|x86.Deploy.0 = Debug|Any CPU
		{196E821C-80D9-4149-986A-10BAA326A0F7}.AppStore|Any CPU.ActiveCfg = Release|Any CPU
		{196E821C-80D9-4149-986A-10BAA326A0F7}.AppStore|Any CPU.Build.0 = Release|Any CPU
		{196E821C-80D9-4149-986A-10BAA326A0F7}.AppStore|Any CPU.Deploy.0 = Release|Any CPU
		{196E821C-80D9-4149-986A-10BAA326A0F7}.AppStore|ARM.ActiveCfg = Debug|Any CPU
		{196E821C-80D9-4149-986A-10BAA326A0F7}.AppStore|ARM.Build.0 = Debug|Any CPU
		{196E821C-80D9-4149-986A-10BAA326A0F7}.AppStore|ARM.Deploy.0 = Debug|Any CPU
		{196E821C-80D9-4149-986A-10BAA326A0F7}.AppStore|iPhone.ActiveCfg = Release|Any CPU
		{196E821C-80D9-4149-986A-10BAA326A0F7}.AppStore|iPhone.Build.0 = Release|Any CPU
		{196E821C-80D9-4149-986A-10BAA326A0F7}.AppStore|iPhone.Deploy.0 = Release|Any CPU
		{196E821C-80D9-4149-986A-10BAA326A0F7}.AppStore|iPhoneSimulator.ActiveCfg = Release|Any CPU
		{196E821C-80D9-4149-986A-10BAA326A0F7}.AppStore|iPhoneSimulator.Build.0 = Release|Any CPU
		{196E821C-80D9-4149-986A-10BAA326A0F7}.AppStore|iPhoneSimulator.Deploy.0 = Release|Any CPU
		{196E821C-80D9-4149-986A-10BAA326A0F7}.AppStore|x64.ActiveCfg = Debug|Any CPU
		{196E821C-80D9-4149-986A-10BAA326A0F7}.AppStore|x64.Build.0 = Debug|Any CPU
		{196E821C-80D9-4149-986A-10BAA326A0F7}.AppStore|x64.Deploy.0 = Debug|Any CPU
		{196E821C-80D9-4149-986A-10BAA326A0F7}.AppStore|x86.ActiveCfg = Debug|Any CPU
		{196E821C-80D9-4149-986A-10BAA326A0F7}.AppStore|x86.Build.0 = Debug|Any CPU
		{196E821C-80D9-4149-986A-10BAA326A0F7}.AppStore|x86.Deploy.0 = Debug|Any CPU
		{196E821C-80D9-4149-986A-10BAA326A0F7}.Debug|Any CPU.ActiveCfg = Debug|Any CPU
		{196E821C-80D9-4149-986A-10BAA326A0F7}.Debug|Any CPU.Build.0 = Debug|Any CPU
		{196E821C-80D9-4149-986A-10BAA326A0F7}.Debug|Any CPU.Deploy.0 = Debug|Any CPU
		{196E821C-80D9-4149-986A-10BAA326A0F7}.Debug|ARM.ActiveCfg = Debug|Any CPU
		{196E821C-80D9-4149-986A-10BAA326A0F7}.Debug|ARM.Build.0 = Debug|Any CPU
		{196E821C-80D9-4149-986A-10BAA326A0F7}.Debug|ARM.Deploy.0 = Debug|Any CPU
		{196E821C-80D9-4149-986A-10BAA326A0F7}.Debug|iPhone.ActiveCfg = Debug|Any CPU
		{196E821C-80D9-4149-986A-10BAA326A0F7}.Debug|iPhone.Build.0 = Debug|Any CPU
		{196E821C-80D9-4149-986A-10BAA326A0F7}.Debug|iPhone.Deploy.0 = Debug|Any CPU
		{196E821C-80D9-4149-986A-10BAA326A0F7}.Debug|iPhoneSimulator.ActiveCfg = Debug|Any CPU
		{196E821C-80D9-4149-986A-10BAA326A0F7}.Debug|iPhoneSimulator.Build.0 = Debug|Any CPU
		{196E821C-80D9-4149-986A-10BAA326A0F7}.Debug|iPhoneSimulator.Deploy.0 = Debug|Any CPU
		{196E821C-80D9-4149-986A-10BAA326A0F7}.Debug|x64.ActiveCfg = Debug|Any CPU
		{196E821C-80D9-4149-986A-10BAA326A0F7}.Debug|x64.Build.0 = Debug|Any CPU
		{196E821C-80D9-4149-986A-10BAA326A0F7}.Debug|x64.Deploy.0 = Debug|Any CPU
		{196E821C-80D9-4149-986A-10BAA326A0F7}.Debug|x86.ActiveCfg = Debug|Any CPU
		{196E821C-80D9-4149-986A-10BAA326A0F7}.Debug|x86.Build.0 = Debug|Any CPU
		{196E821C-80D9-4149-986A-10BAA326A0F7}.Debug|x86.Deploy.0 = Debug|Any CPU
		{196E821C-80D9-4149-986A-10BAA326A0F7}.Release|Any CPU.ActiveCfg = Release|Any CPU
		{196E821C-80D9-4149-986A-10BAA326A0F7}.Release|Any CPU.Build.0 = Release|Any CPU
		{196E821C-80D9-4149-986A-10BAA326A0F7}.Release|Any CPU.Deploy.0 = Release|Any CPU
		{196E821C-80D9-4149-986A-10BAA326A0F7}.Release|ARM.ActiveCfg = Release|Any CPU
		{196E821C-80D9-4149-986A-10BAA326A0F7}.Release|ARM.Build.0 = Release|Any CPU
		{196E821C-80D9-4149-986A-10BAA326A0F7}.Release|ARM.Deploy.0 = Release|Any CPU
		{196E821C-80D9-4149-986A-10BAA326A0F7}.Release|iPhone.ActiveCfg = Release|Any CPU
		{196E821C-80D9-4149-986A-10BAA326A0F7}.Release|iPhone.Build.0 = Release|Any CPU
		{196E821C-80D9-4149-986A-10BAA326A0F7}.Release|iPhone.Deploy.0 = Release|Any CPU
		{196E821C-80D9-4149-986A-10BAA326A0F7}.Release|iPhoneSimulator.ActiveCfg = Release|Any CPU
		{196E821C-80D9-4149-986A-10BAA326A0F7}.Release|iPhoneSimulator.Build.0 = Release|Any CPU
		{196E821C-80D9-4149-986A-10BAA326A0F7}.Release|iPhoneSimulator.Deploy.0 = Release|Any CPU
		{196E821C-80D9-4149-986A-10BAA326A0F7}.Release|x64.ActiveCfg = Release|Any CPU
		{196E821C-80D9-4149-986A-10BAA326A0F7}.Release|x64.Build.0 = Release|Any CPU
		{196E821C-80D9-4149-986A-10BAA326A0F7}.Release|x64.Deploy.0 = Release|Any CPU
		{196E821C-80D9-4149-986A-10BAA326A0F7}.Release|x86.ActiveCfg = Release|Any CPU
		{196E821C-80D9-4149-986A-10BAA326A0F7}.Release|x86.Build.0 = Release|Any CPU
		{196E821C-80D9-4149-986A-10BAA326A0F7}.Release|x86.Deploy.0 = Release|Any CPU
		{9C2AF7FD-255B-4203-8990-B0AC913FE723}.Ad-Hoc|Any CPU.ActiveCfg = Ad-Hoc|iPhone
		{9C2AF7FD-255B-4203-8990-B0AC913FE723}.Ad-Hoc|ARM.ActiveCfg = Ad-Hoc|iPhoneSimulator
		{9C2AF7FD-255B-4203-8990-B0AC913FE723}.Ad-Hoc|iPhone.ActiveCfg = Ad-Hoc|iPhone
		{9C2AF7FD-255B-4203-8990-B0AC913FE723}.Ad-Hoc|iPhone.Build.0 = Ad-Hoc|iPhone
		{9C2AF7FD-255B-4203-8990-B0AC913FE723}.Ad-Hoc|iPhoneSimulator.ActiveCfg = Ad-Hoc|iPhoneSimulator
		{9C2AF7FD-255B-4203-8990-B0AC913FE723}.Ad-Hoc|iPhoneSimulator.Build.0 = Ad-Hoc|iPhoneSimulator
		{9C2AF7FD-255B-4203-8990-B0AC913FE723}.Ad-Hoc|x64.ActiveCfg = Ad-Hoc|iPhoneSimulator
		{9C2AF7FD-255B-4203-8990-B0AC913FE723}.Ad-Hoc|x86.ActiveCfg = Ad-Hoc|iPhoneSimulator
		{9C2AF7FD-255B-4203-8990-B0AC913FE723}.AppStore|Any CPU.ActiveCfg = AppStore|iPhone
		{9C2AF7FD-255B-4203-8990-B0AC913FE723}.AppStore|ARM.ActiveCfg = AppStore|iPhoneSimulator
		{9C2AF7FD-255B-4203-8990-B0AC913FE723}.AppStore|iPhone.ActiveCfg = AppStore|iPhone
		{9C2AF7FD-255B-4203-8990-B0AC913FE723}.AppStore|iPhone.Build.0 = AppStore|iPhone
		{9C2AF7FD-255B-4203-8990-B0AC913FE723}.AppStore|iPhoneSimulator.ActiveCfg = AppStore|iPhoneSimulator
		{9C2AF7FD-255B-4203-8990-B0AC913FE723}.AppStore|iPhoneSimulator.Build.0 = AppStore|iPhoneSimulator
		{9C2AF7FD-255B-4203-8990-B0AC913FE723}.AppStore|x64.ActiveCfg = AppStore|iPhoneSimulator
		{9C2AF7FD-255B-4203-8990-B0AC913FE723}.AppStore|x86.ActiveCfg = AppStore|iPhoneSimulator
		{9C2AF7FD-255B-4203-8990-B0AC913FE723}.Debug|Any CPU.ActiveCfg = Debug|iPhone
		{9C2AF7FD-255B-4203-8990-B0AC913FE723}.Debug|ARM.ActiveCfg = Debug|iPhoneSimulator
		{9C2AF7FD-255B-4203-8990-B0AC913FE723}.Debug|iPhone.ActiveCfg = Debug|iPhone
		{9C2AF7FD-255B-4203-8990-B0AC913FE723}.Debug|iPhone.Build.0 = Debug|iPhone
		{9C2AF7FD-255B-4203-8990-B0AC913FE723}.Debug|iPhoneSimulator.ActiveCfg = Debug|iPhoneSimulator
		{9C2AF7FD-255B-4203-8990-B0AC913FE723}.Debug|iPhoneSimulator.Build.0 = Debug|iPhoneSimulator
		{9C2AF7FD-255B-4203-8990-B0AC913FE723}.Debug|x64.ActiveCfg = Debug|iPhoneSimulator
		{9C2AF7FD-255B-4203-8990-B0AC913FE723}.Debug|x86.ActiveCfg = Debug|iPhoneSimulator
		{9C2AF7FD-255B-4203-8990-B0AC913FE723}.Release|Any CPU.ActiveCfg = Release|iPhone
		{9C2AF7FD-255B-4203-8990-B0AC913FE723}.Release|ARM.ActiveCfg = Release|iPhoneSimulator
		{9C2AF7FD-255B-4203-8990-B0AC913FE723}.Release|iPhone.ActiveCfg = Release|iPhone
		{9C2AF7FD-255B-4203-8990-B0AC913FE723}.Release|iPhone.Build.0 = Release|iPhone
		{9C2AF7FD-255B-4203-8990-B0AC913FE723}.Release|iPhoneSimulator.ActiveCfg = Release|iPhoneSimulator
		{9C2AF7FD-255B-4203-8990-B0AC913FE723}.Release|iPhoneSimulator.Build.0 = Release|iPhoneSimulator
		{9C2AF7FD-255B-4203-8990-B0AC913FE723}.Release|x64.ActiveCfg = Release|iPhoneSimulator
		{9C2AF7FD-255B-4203-8990-B0AC913FE723}.Release|x86.ActiveCfg = Release|iPhoneSimulator
		{60525725-32CB-4743-B2A0-B65A2787C9BD}.Ad-Hoc|Any CPU.ActiveCfg = Debug|Any CPU
		{60525725-32CB-4743-B2A0-B65A2787C9BD}.Ad-Hoc|Any CPU.Build.0 = Debug|Any CPU
		{60525725-32CB-4743-B2A0-B65A2787C9BD}.Ad-Hoc|ARM.ActiveCfg = Release|Any CPU
		{60525725-32CB-4743-B2A0-B65A2787C9BD}.Ad-Hoc|ARM.Build.0 = Release|Any CPU
		{60525725-32CB-4743-B2A0-B65A2787C9BD}.Ad-Hoc|iPhone.ActiveCfg = Debug|Any CPU
		{60525725-32CB-4743-B2A0-B65A2787C9BD}.Ad-Hoc|iPhone.Build.0 = Debug|Any CPU
		{60525725-32CB-4743-B2A0-B65A2787C9BD}.Ad-Hoc|iPhoneSimulator.ActiveCfg = Debug|Any CPU
		{60525725-32CB-4743-B2A0-B65A2787C9BD}.Ad-Hoc|iPhoneSimulator.Build.0 = Debug|Any CPU
		{60525725-32CB-4743-B2A0-B65A2787C9BD}.Ad-Hoc|x64.ActiveCfg = Release|Any CPU
		{60525725-32CB-4743-B2A0-B65A2787C9BD}.Ad-Hoc|x64.Build.0 = Release|Any CPU
		{60525725-32CB-4743-B2A0-B65A2787C9BD}.Ad-Hoc|x86.ActiveCfg = Release|Any CPU
		{60525725-32CB-4743-B2A0-B65A2787C9BD}.Ad-Hoc|x86.Build.0 = Release|Any CPU
		{60525725-32CB-4743-B2A0-B65A2787C9BD}.AppStore|Any CPU.ActiveCfg = Debug|Any CPU
		{60525725-32CB-4743-B2A0-B65A2787C9BD}.AppStore|Any CPU.Build.0 = Debug|Any CPU
		{60525725-32CB-4743-B2A0-B65A2787C9BD}.AppStore|ARM.ActiveCfg = Release|Any CPU
		{60525725-32CB-4743-B2A0-B65A2787C9BD}.AppStore|ARM.Build.0 = Release|Any CPU
		{60525725-32CB-4743-B2A0-B65A2787C9BD}.AppStore|iPhone.ActiveCfg = Debug|Any CPU
		{60525725-32CB-4743-B2A0-B65A2787C9BD}.AppStore|iPhone.Build.0 = Debug|Any CPU
		{60525725-32CB-4743-B2A0-B65A2787C9BD}.AppStore|iPhoneSimulator.ActiveCfg = Debug|Any CPU
		{60525725-32CB-4743-B2A0-B65A2787C9BD}.AppStore|iPhoneSimulator.Build.0 = Debug|Any CPU
		{60525725-32CB-4743-B2A0-B65A2787C9BD}.AppStore|x64.ActiveCfg = Release|Any CPU
		{60525725-32CB-4743-B2A0-B65A2787C9BD}.AppStore|x64.Build.0 = Release|Any CPU
		{60525725-32CB-4743-B2A0-B65A2787C9BD}.AppStore|x86.ActiveCfg = Release|Any CPU
		{60525725-32CB-4743-B2A0-B65A2787C9BD}.AppStore|x86.Build.0 = Release|Any CPU
		{60525725-32CB-4743-B2A0-B65A2787C9BD}.Debug|Any CPU.ActiveCfg = Debug|Any CPU
		{60525725-32CB-4743-B2A0-B65A2787C9BD}.Debug|Any CPU.Build.0 = Debug|Any CPU
		{60525725-32CB-4743-B2A0-B65A2787C9BD}.Debug|ARM.ActiveCfg = Debug|Any CPU
		{60525725-32CB-4743-B2A0-B65A2787C9BD}.Debug|ARM.Build.0 = Debug|Any CPU
		{60525725-32CB-4743-B2A0-B65A2787C9BD}.Debug|iPhone.ActiveCfg = Debug|Any CPU
		{60525725-32CB-4743-B2A0-B65A2787C9BD}.Debug|iPhone.Build.0 = Debug|Any CPU
		{60525725-32CB-4743-B2A0-B65A2787C9BD}.Debug|iPhoneSimulator.ActiveCfg = Debug|Any CPU
		{60525725-32CB-4743-B2A0-B65A2787C9BD}.Debug|iPhoneSimulator.Build.0 = Debug|Any CPU
		{60525725-32CB-4743-B2A0-B65A2787C9BD}.Debug|x64.ActiveCfg = Debug|Any CPU
		{60525725-32CB-4743-B2A0-B65A2787C9BD}.Debug|x64.Build.0 = Debug|Any CPU
		{60525725-32CB-4743-B2A0-B65A2787C9BD}.Debug|x86.ActiveCfg = Debug|Any CPU
		{60525725-32CB-4743-B2A0-B65A2787C9BD}.Debug|x86.Build.0 = Debug|Any CPU
		{60525725-32CB-4743-B2A0-B65A2787C9BD}.Release|Any CPU.ActiveCfg = Release|Any CPU
		{60525725-32CB-4743-B2A0-B65A2787C9BD}.Release|Any CPU.Build.0 = Release|Any CPU
		{60525725-32CB-4743-B2A0-B65A2787C9BD}.Release|ARM.ActiveCfg = Release|Any CPU
		{60525725-32CB-4743-B2A0-B65A2787C9BD}.Release|ARM.Build.0 = Release|Any CPU
		{60525725-32CB-4743-B2A0-B65A2787C9BD}.Release|iPhone.ActiveCfg = Release|Any CPU
		{60525725-32CB-4743-B2A0-B65A2787C9BD}.Release|iPhone.Build.0 = Release|Any CPU
		{60525725-32CB-4743-B2A0-B65A2787C9BD}.Release|iPhoneSimulator.ActiveCfg = Release|Any CPU
		{60525725-32CB-4743-B2A0-B65A2787C9BD}.Release|iPhoneSimulator.Build.0 = Release|Any CPU
		{60525725-32CB-4743-B2A0-B65A2787C9BD}.Release|x64.ActiveCfg = Release|Any CPU
		{60525725-32CB-4743-B2A0-B65A2787C9BD}.Release|x64.Build.0 = Release|Any CPU
		{60525725-32CB-4743-B2A0-B65A2787C9BD}.Release|x86.ActiveCfg = Release|Any CPU
		{60525725-32CB-4743-B2A0-B65A2787C9BD}.Release|x86.Build.0 = Release|Any CPU
		{D07689F9-3D6D-4454-A9C5-0AC4268A4DFD}.Ad-Hoc|Any CPU.ActiveCfg = Release|x86
		{D07689F9-3D6D-4454-A9C5-0AC4268A4DFD}.Ad-Hoc|Any CPU.Build.0 = Release|x86
		{D07689F9-3D6D-4454-A9C5-0AC4268A4DFD}.Ad-Hoc|Any CPU.Deploy.0 = Release|x86
		{D07689F9-3D6D-4454-A9C5-0AC4268A4DFD}.Ad-Hoc|ARM.ActiveCfg = Release|ARM
		{D07689F9-3D6D-4454-A9C5-0AC4268A4DFD}.Ad-Hoc|ARM.Build.0 = Release|ARM
		{D07689F9-3D6D-4454-A9C5-0AC4268A4DFD}.Ad-Hoc|ARM.Deploy.0 = Release|ARM
		{D07689F9-3D6D-4454-A9C5-0AC4268A4DFD}.Ad-Hoc|iPhone.ActiveCfg = Release|x86
		{D07689F9-3D6D-4454-A9C5-0AC4268A4DFD}.Ad-Hoc|iPhone.Build.0 = Release|x86
		{D07689F9-3D6D-4454-A9C5-0AC4268A4DFD}.Ad-Hoc|iPhone.Deploy.0 = Release|x86
		{D07689F9-3D6D-4454-A9C5-0AC4268A4DFD}.Ad-Hoc|iPhoneSimulator.ActiveCfg = Release|x86
		{D07689F9-3D6D-4454-A9C5-0AC4268A4DFD}.Ad-Hoc|iPhoneSimulator.Build.0 = Release|x86
		{D07689F9-3D6D-4454-A9C5-0AC4268A4DFD}.Ad-Hoc|iPhoneSimulator.Deploy.0 = Release|x86
		{D07689F9-3D6D-4454-A9C5-0AC4268A4DFD}.Ad-Hoc|x64.ActiveCfg = Release|x64
		{D07689F9-3D6D-4454-A9C5-0AC4268A4DFD}.Ad-Hoc|x64.Build.0 = Release|x64
		{D07689F9-3D6D-4454-A9C5-0AC4268A4DFD}.Ad-Hoc|x64.Deploy.0 = Release|x64
		{D07689F9-3D6D-4454-A9C5-0AC4268A4DFD}.Ad-Hoc|x86.ActiveCfg = Release|x86
		{D07689F9-3D6D-4454-A9C5-0AC4268A4DFD}.Ad-Hoc|x86.Build.0 = Release|x86
		{D07689F9-3D6D-4454-A9C5-0AC4268A4DFD}.Ad-Hoc|x86.Deploy.0 = Release|x86
		{D07689F9-3D6D-4454-A9C5-0AC4268A4DFD}.AppStore|Any CPU.ActiveCfg = Release|x86
		{D07689F9-3D6D-4454-A9C5-0AC4268A4DFD}.AppStore|Any CPU.Build.0 = Release|x86
		{D07689F9-3D6D-4454-A9C5-0AC4268A4DFD}.AppStore|Any CPU.Deploy.0 = Release|x86
		{D07689F9-3D6D-4454-A9C5-0AC4268A4DFD}.AppStore|ARM.ActiveCfg = Release|ARM
		{D07689F9-3D6D-4454-A9C5-0AC4268A4DFD}.AppStore|ARM.Build.0 = Release|ARM
		{D07689F9-3D6D-4454-A9C5-0AC4268A4DFD}.AppStore|ARM.Deploy.0 = Release|ARM
		{D07689F9-3D6D-4454-A9C5-0AC4268A4DFD}.AppStore|iPhone.ActiveCfg = Release|x86
		{D07689F9-3D6D-4454-A9C5-0AC4268A4DFD}.AppStore|iPhone.Build.0 = Release|x86
		{D07689F9-3D6D-4454-A9C5-0AC4268A4DFD}.AppStore|iPhone.Deploy.0 = Release|x86
		{D07689F9-3D6D-4454-A9C5-0AC4268A4DFD}.AppStore|iPhoneSimulator.ActiveCfg = Release|x86
		{D07689F9-3D6D-4454-A9C5-0AC4268A4DFD}.AppStore|iPhoneSimulator.Build.0 = Release|x86
		{D07689F9-3D6D-4454-A9C5-0AC4268A4DFD}.AppStore|iPhoneSimulator.Deploy.0 = Release|x86
		{D07689F9-3D6D-4454-A9C5-0AC4268A4DFD}.AppStore|x64.ActiveCfg = Release|x64
		{D07689F9-3D6D-4454-A9C5-0AC4268A4DFD}.AppStore|x64.Build.0 = Release|x64
		{D07689F9-3D6D-4454-A9C5-0AC4268A4DFD}.AppStore|x64.Deploy.0 = Release|x64
		{D07689F9-3D6D-4454-A9C5-0AC4268A4DFD}.AppStore|x86.ActiveCfg = Release|x86
		{D07689F9-3D6D-4454-A9C5-0AC4268A4DFD}.AppStore|x86.Build.0 = Release|x86
		{D07689F9-3D6D-4454-A9C5-0AC4268A4DFD}.AppStore|x86.Deploy.0 = Release|x86
		{D07689F9-3D6D-4454-A9C5-0AC4268A4DFD}.Debug|Any CPU.ActiveCfg = Debug|x86
		{D07689F9-3D6D-4454-A9C5-0AC4268A4DFD}.Debug|ARM.ActiveCfg = Debug|ARM
		{D07689F9-3D6D-4454-A9C5-0AC4268A4DFD}.Debug|ARM.Build.0 = Debug|ARM
		{D07689F9-3D6D-4454-A9C5-0AC4268A4DFD}.Debug|ARM.Deploy.0 = Debug|ARM
		{D07689F9-3D6D-4454-A9C5-0AC4268A4DFD}.Debug|iPhone.ActiveCfg = Debug|x86
		{D07689F9-3D6D-4454-A9C5-0AC4268A4DFD}.Debug|iPhoneSimulator.ActiveCfg = Debug|x86
		{D07689F9-3D6D-4454-A9C5-0AC4268A4DFD}.Debug|x64.ActiveCfg = Debug|x64
		{D07689F9-3D6D-4454-A9C5-0AC4268A4DFD}.Debug|x64.Build.0 = Debug|x64
		{D07689F9-3D6D-4454-A9C5-0AC4268A4DFD}.Debug|x64.Deploy.0 = Debug|x64
		{D07689F9-3D6D-4454-A9C5-0AC4268A4DFD}.Debug|x86.ActiveCfg = Debug|x86
		{D07689F9-3D6D-4454-A9C5-0AC4268A4DFD}.Debug|x86.Build.0 = Debug|x86
		{D07689F9-3D6D-4454-A9C5-0AC4268A4DFD}.Debug|x86.Deploy.0 = Debug|x86
		{D07689F9-3D6D-4454-A9C5-0AC4268A4DFD}.Release|Any CPU.ActiveCfg = Release|x86
		{D07689F9-3D6D-4454-A9C5-0AC4268A4DFD}.Release|ARM.ActiveCfg = Release|ARM
		{D07689F9-3D6D-4454-A9C5-0AC4268A4DFD}.Release|ARM.Build.0 = Release|ARM
		{D07689F9-3D6D-4454-A9C5-0AC4268A4DFD}.Release|ARM.Deploy.0 = Release|ARM
		{D07689F9-3D6D-4454-A9C5-0AC4268A4DFD}.Release|iPhone.ActiveCfg = Release|x86
		{D07689F9-3D6D-4454-A9C5-0AC4268A4DFD}.Release|iPhoneSimulator.ActiveCfg = Release|x86
		{D07689F9-3D6D-4454-A9C5-0AC4268A4DFD}.Release|x64.ActiveCfg = Release|x64
		{D07689F9-3D6D-4454-A9C5-0AC4268A4DFD}.Release|x64.Build.0 = Release|x64
		{D07689F9-3D6D-4454-A9C5-0AC4268A4DFD}.Release|x64.Deploy.0 = Release|x64
		{D07689F9-3D6D-4454-A9C5-0AC4268A4DFD}.Release|x86.ActiveCfg = Release|x86
		{D07689F9-3D6D-4454-A9C5-0AC4268A4DFD}.Release|x86.Build.0 = Release|x86
		{D07689F9-3D6D-4454-A9C5-0AC4268A4DFD}.Release|x86.Deploy.0 = Release|x86
		{744D1C4B-D713-4C30-BF9B-D42E7F78D33B}.Ad-Hoc|Any CPU.ActiveCfg = Debug|Any CPU
		{744D1C4B-D713-4C30-BF9B-D42E7F78D33B}.Ad-Hoc|Any CPU.Build.0 = Debug|Any CPU
		{744D1C4B-D713-4C30-BF9B-D42E7F78D33B}.Ad-Hoc|ARM.ActiveCfg = Debug|Any CPU
		{744D1C4B-D713-4C30-BF9B-D42E7F78D33B}.Ad-Hoc|ARM.Build.0 = Debug|Any CPU
		{744D1C4B-D713-4C30-BF9B-D42E7F78D33B}.Ad-Hoc|iPhone.ActiveCfg = Debug|Any CPU
		{744D1C4B-D713-4C30-BF9B-D42E7F78D33B}.Ad-Hoc|iPhone.Build.0 = Debug|Any CPU
		{744D1C4B-D713-4C30-BF9B-D42E7F78D33B}.Ad-Hoc|iPhoneSimulator.ActiveCfg = Debug|Any CPU
		{744D1C4B-D713-4C30-BF9B-D42E7F78D33B}.Ad-Hoc|iPhoneSimulator.Build.0 = Debug|Any CPU
		{744D1C4B-D713-4C30-BF9B-D42E7F78D33B}.Ad-Hoc|x64.ActiveCfg = Debug|Any CPU
		{744D1C4B-D713-4C30-BF9B-D42E7F78D33B}.Ad-Hoc|x64.Build.0 = Debug|Any CPU
		{744D1C4B-D713-4C30-BF9B-D42E7F78D33B}.Ad-Hoc|x86.ActiveCfg = Debug|Any CPU
		{744D1C4B-D713-4C30-BF9B-D42E7F78D33B}.Ad-Hoc|x86.Build.0 = Debug|Any CPU
		{744D1C4B-D713-4C30-BF9B-D42E7F78D33B}.AppStore|Any CPU.ActiveCfg = Debug|Any CPU
		{744D1C4B-D713-4C30-BF9B-D42E7F78D33B}.AppStore|Any CPU.Build.0 = Debug|Any CPU
		{744D1C4B-D713-4C30-BF9B-D42E7F78D33B}.AppStore|ARM.ActiveCfg = Debug|Any CPU
		{744D1C4B-D713-4C30-BF9B-D42E7F78D33B}.AppStore|ARM.Build.0 = Debug|Any CPU
		{744D1C4B-D713-4C30-BF9B-D42E7F78D33B}.AppStore|iPhone.ActiveCfg = Debug|Any CPU
		{744D1C4B-D713-4C30-BF9B-D42E7F78D33B}.AppStore|iPhone.Build.0 = Debug|Any CPU
		{744D1C4B-D713-4C30-BF9B-D42E7F78D33B}.AppStore|iPhoneSimulator.ActiveCfg = Debug|Any CPU
		{744D1C4B-D713-4C30-BF9B-D42E7F78D33B}.AppStore|iPhoneSimulator.Build.0 = Debug|Any CPU
		{744D1C4B-D713-4C30-BF9B-D42E7F78D33B}.AppStore|x64.ActiveCfg = Debug|Any CPU
		{744D1C4B-D713-4C30-BF9B-D42E7F78D33B}.AppStore|x64.Build.0 = Debug|Any CPU
		{744D1C4B-D713-4C30-BF9B-D42E7F78D33B}.AppStore|x86.ActiveCfg = Debug|Any CPU
		{744D1C4B-D713-4C30-BF9B-D42E7F78D33B}.AppStore|x86.Build.0 = Debug|Any CPU
		{744D1C4B-D713-4C30-BF9B-D42E7F78D33B}.Debug|Any CPU.ActiveCfg = Debug|Any CPU
		{744D1C4B-D713-4C30-BF9B-D42E7F78D33B}.Debug|Any CPU.Build.0 = Debug|Any CPU
		{744D1C4B-D713-4C30-BF9B-D42E7F78D33B}.Debug|ARM.ActiveCfg = Debug|Any CPU
		{744D1C4B-D713-4C30-BF9B-D42E7F78D33B}.Debug|ARM.Build.0 = Debug|Any CPU
		{744D1C4B-D713-4C30-BF9B-D42E7F78D33B}.Debug|iPhone.ActiveCfg = Debug|Any CPU
		{744D1C4B-D713-4C30-BF9B-D42E7F78D33B}.Debug|iPhone.Build.0 = Debug|Any CPU
		{744D1C4B-D713-4C30-BF9B-D42E7F78D33B}.Debug|iPhoneSimulator.ActiveCfg = Debug|Any CPU
		{744D1C4B-D713-4C30-BF9B-D42E7F78D33B}.Debug|iPhoneSimulator.Build.0 = Debug|Any CPU
		{744D1C4B-D713-4C30-BF9B-D42E7F78D33B}.Debug|x64.ActiveCfg = Debug|Any CPU
		{744D1C4B-D713-4C30-BF9B-D42E7F78D33B}.Debug|x64.Build.0 = Debug|Any CPU
		{744D1C4B-D713-4C30-BF9B-D42E7F78D33B}.Debug|x86.ActiveCfg = Debug|Any CPU
		{744D1C4B-D713-4C30-BF9B-D42E7F78D33B}.Debug|x86.Build.0 = Debug|Any CPU
		{744D1C4B-D713-4C30-BF9B-D42E7F78D33B}.Release|Any CPU.ActiveCfg = Release|Any CPU
		{744D1C4B-D713-4C30-BF9B-D42E7F78D33B}.Release|Any CPU.Build.0 = Release|Any CPU
		{744D1C4B-D713-4C30-BF9B-D42E7F78D33B}.Release|ARM.ActiveCfg = Release|Any CPU
		{744D1C4B-D713-4C30-BF9B-D42E7F78D33B}.Release|ARM.Build.0 = Release|Any CPU
		{744D1C4B-D713-4C30-BF9B-D42E7F78D33B}.Release|iPhone.ActiveCfg = Release|Any CPU
		{744D1C4B-D713-4C30-BF9B-D42E7F78D33B}.Release|iPhone.Build.0 = Release|Any CPU
		{744D1C4B-D713-4C30-BF9B-D42E7F78D33B}.Release|iPhoneSimulator.ActiveCfg = Release|Any CPU
		{744D1C4B-D713-4C30-BF9B-D42E7F78D33B}.Release|iPhoneSimulator.Build.0 = Release|Any CPU
		{744D1C4B-D713-4C30-BF9B-D42E7F78D33B}.Release|x64.ActiveCfg = Release|Any CPU
		{744D1C4B-D713-4C30-BF9B-D42E7F78D33B}.Release|x64.Build.0 = Release|Any CPU
		{744D1C4B-D713-4C30-BF9B-D42E7F78D33B}.Release|x86.ActiveCfg = Release|Any CPU
		{744D1C4B-D713-4C30-BF9B-D42E7F78D33B}.Release|x86.Build.0 = Release|Any CPU
		{86AD3A79-9407-4DDA-9A51-DC1A7D9DE1BA}.Ad-Hoc|Any CPU.ActiveCfg = Debug|Any CPU
		{86AD3A79-9407-4DDA-9A51-DC1A7D9DE1BA}.Ad-Hoc|Any CPU.Build.0 = Debug|Any CPU
		{86AD3A79-9407-4DDA-9A51-DC1A7D9DE1BA}.Ad-Hoc|ARM.ActiveCfg = Debug|Any CPU
		{86AD3A79-9407-4DDA-9A51-DC1A7D9DE1BA}.Ad-Hoc|ARM.Build.0 = Debug|Any CPU
		{86AD3A79-9407-4DDA-9A51-DC1A7D9DE1BA}.Ad-Hoc|iPhone.ActiveCfg = Debug|Any CPU
		{86AD3A79-9407-4DDA-9A51-DC1A7D9DE1BA}.Ad-Hoc|iPhone.Build.0 = Debug|Any CPU
		{86AD3A79-9407-4DDA-9A51-DC1A7D9DE1BA}.Ad-Hoc|iPhoneSimulator.ActiveCfg = Debug|Any CPU
		{86AD3A79-9407-4DDA-9A51-DC1A7D9DE1BA}.Ad-Hoc|iPhoneSimulator.Build.0 = Debug|Any CPU
		{86AD3A79-9407-4DDA-9A51-DC1A7D9DE1BA}.Ad-Hoc|x64.ActiveCfg = Debug|Any CPU
		{86AD3A79-9407-4DDA-9A51-DC1A7D9DE1BA}.Ad-Hoc|x64.Build.0 = Debug|Any CPU
		{86AD3A79-9407-4DDA-9A51-DC1A7D9DE1BA}.Ad-Hoc|x86.ActiveCfg = Debug|Any CPU
		{86AD3A79-9407-4DDA-9A51-DC1A7D9DE1BA}.Ad-Hoc|x86.Build.0 = Debug|Any CPU
		{86AD3A79-9407-4DDA-9A51-DC1A7D9DE1BA}.AppStore|Any CPU.ActiveCfg = Debug|Any CPU
		{86AD3A79-9407-4DDA-9A51-DC1A7D9DE1BA}.AppStore|Any CPU.Build.0 = Debug|Any CPU
		{86AD3A79-9407-4DDA-9A51-DC1A7D9DE1BA}.AppStore|ARM.ActiveCfg = Debug|Any CPU
		{86AD3A79-9407-4DDA-9A51-DC1A7D9DE1BA}.AppStore|ARM.Build.0 = Debug|Any CPU
		{86AD3A79-9407-4DDA-9A51-DC1A7D9DE1BA}.AppStore|iPhone.ActiveCfg = Debug|Any CPU
		{86AD3A79-9407-4DDA-9A51-DC1A7D9DE1BA}.AppStore|iPhone.Build.0 = Debug|Any CPU
		{86AD3A79-9407-4DDA-9A51-DC1A7D9DE1BA}.AppStore|iPhoneSimulator.ActiveCfg = Debug|Any CPU
		{86AD3A79-9407-4DDA-9A51-DC1A7D9DE1BA}.AppStore|iPhoneSimulator.Build.0 = Debug|Any CPU
		{86AD3A79-9407-4DDA-9A51-DC1A7D9DE1BA}.AppStore|x64.ActiveCfg = Debug|Any CPU
		{86AD3A79-9407-4DDA-9A51-DC1A7D9DE1BA}.AppStore|x64.Build.0 = Debug|Any CPU
		{86AD3A79-9407-4DDA-9A51-DC1A7D9DE1BA}.AppStore|x86.ActiveCfg = Debug|Any CPU
		{86AD3A79-9407-4DDA-9A51-DC1A7D9DE1BA}.AppStore|x86.Build.0 = Debug|Any CPU
		{86AD3A79-9407-4DDA-9A51-DC1A7D9DE1BA}.Debug|Any CPU.ActiveCfg = Debug|Any CPU
		{86AD3A79-9407-4DDA-9A51-DC1A7D9DE1BA}.Debug|Any CPU.Build.0 = Debug|Any CPU
		{86AD3A79-9407-4DDA-9A51-DC1A7D9DE1BA}.Debug|ARM.ActiveCfg = Debug|Any CPU
		{86AD3A79-9407-4DDA-9A51-DC1A7D9DE1BA}.Debug|ARM.Build.0 = Debug|Any CPU
		{86AD3A79-9407-4DDA-9A51-DC1A7D9DE1BA}.Debug|iPhone.ActiveCfg = Debug|Any CPU
		{86AD3A79-9407-4DDA-9A51-DC1A7D9DE1BA}.Debug|iPhone.Build.0 = Debug|Any CPU
		{86AD3A79-9407-4DDA-9A51-DC1A7D9DE1BA}.Debug|iPhoneSimulator.ActiveCfg = Debug|Any CPU
		{86AD3A79-9407-4DDA-9A51-DC1A7D9DE1BA}.Debug|iPhoneSimulator.Build.0 = Debug|Any CPU
		{86AD3A79-9407-4DDA-9A51-DC1A7D9DE1BA}.Debug|x64.ActiveCfg = Debug|Any CPU
		{86AD3A79-9407-4DDA-9A51-DC1A7D9DE1BA}.Debug|x64.Build.0 = Debug|Any CPU
		{86AD3A79-9407-4DDA-9A51-DC1A7D9DE1BA}.Debug|x86.ActiveCfg = Debug|Any CPU
		{86AD3A79-9407-4DDA-9A51-DC1A7D9DE1BA}.Debug|x86.Build.0 = Debug|Any CPU
		{86AD3A79-9407-4DDA-9A51-DC1A7D9DE1BA}.Release|Any CPU.ActiveCfg = Release|Any CPU
		{86AD3A79-9407-4DDA-9A51-DC1A7D9DE1BA}.Release|Any CPU.Build.0 = Release|Any CPU
		{86AD3A79-9407-4DDA-9A51-DC1A7D9DE1BA}.Release|ARM.ActiveCfg = Release|Any CPU
		{86AD3A79-9407-4DDA-9A51-DC1A7D9DE1BA}.Release|ARM.Build.0 = Release|Any CPU
		{86AD3A79-9407-4DDA-9A51-DC1A7D9DE1BA}.Release|iPhone.ActiveCfg = Release|Any CPU
		{86AD3A79-9407-4DDA-9A51-DC1A7D9DE1BA}.Release|iPhone.Build.0 = Release|Any CPU
		{86AD3A79-9407-4DDA-9A51-DC1A7D9DE1BA}.Release|iPhoneSimulator.ActiveCfg = Release|Any CPU
		{86AD3A79-9407-4DDA-9A51-DC1A7D9DE1BA}.Release|iPhoneSimulator.Build.0 = Release|Any CPU
		{86AD3A79-9407-4DDA-9A51-DC1A7D9DE1BA}.Release|x64.ActiveCfg = Release|Any CPU
		{86AD3A79-9407-4DDA-9A51-DC1A7D9DE1BA}.Release|x64.Build.0 = Release|Any CPU
		{86AD3A79-9407-4DDA-9A51-DC1A7D9DE1BA}.Release|x86.ActiveCfg = Release|Any CPU
		{86AD3A79-9407-4DDA-9A51-DC1A7D9DE1BA}.Release|x86.Build.0 = Release|Any CPU
		{EE2F40CD-032A-4056-8155-4AA8B70F8933}.Ad-Hoc|Any CPU.ActiveCfg = Debug|Any CPU
		{EE2F40CD-032A-4056-8155-4AA8B70F8933}.Ad-Hoc|Any CPU.Build.0 = Debug|Any CPU
		{EE2F40CD-032A-4056-8155-4AA8B70F8933}.Ad-Hoc|ARM.ActiveCfg = Debug|Any CPU
		{EE2F40CD-032A-4056-8155-4AA8B70F8933}.Ad-Hoc|ARM.Build.0 = Debug|Any CPU
		{EE2F40CD-032A-4056-8155-4AA8B70F8933}.Ad-Hoc|iPhone.ActiveCfg = Debug|Any CPU
		{EE2F40CD-032A-4056-8155-4AA8B70F8933}.Ad-Hoc|iPhone.Build.0 = Debug|Any CPU
		{EE2F40CD-032A-4056-8155-4AA8B70F8933}.Ad-Hoc|iPhoneSimulator.ActiveCfg = Debug|Any CPU
		{EE2F40CD-032A-4056-8155-4AA8B70F8933}.Ad-Hoc|iPhoneSimulator.Build.0 = Debug|Any CPU
		{EE2F40CD-032A-4056-8155-4AA8B70F8933}.Ad-Hoc|x64.ActiveCfg = Debug|Any CPU
		{EE2F40CD-032A-4056-8155-4AA8B70F8933}.Ad-Hoc|x64.Build.0 = Debug|Any CPU
		{EE2F40CD-032A-4056-8155-4AA8B70F8933}.Ad-Hoc|x86.ActiveCfg = Debug|Any CPU
		{EE2F40CD-032A-4056-8155-4AA8B70F8933}.Ad-Hoc|x86.Build.0 = Debug|Any CPU
		{EE2F40CD-032A-4056-8155-4AA8B70F8933}.AppStore|Any CPU.ActiveCfg = Debug|Any CPU
		{EE2F40CD-032A-4056-8155-4AA8B70F8933}.AppStore|Any CPU.Build.0 = Debug|Any CPU
		{EE2F40CD-032A-4056-8155-4AA8B70F8933}.AppStore|ARM.ActiveCfg = Debug|Any CPU
		{EE2F40CD-032A-4056-8155-4AA8B70F8933}.AppStore|ARM.Build.0 = Debug|Any CPU
		{EE2F40CD-032A-4056-8155-4AA8B70F8933}.AppStore|iPhone.ActiveCfg = Debug|Any CPU
		{EE2F40CD-032A-4056-8155-4AA8B70F8933}.AppStore|iPhone.Build.0 = Debug|Any CPU
		{EE2F40CD-032A-4056-8155-4AA8B70F8933}.AppStore|iPhoneSimulator.ActiveCfg = Debug|Any CPU
		{EE2F40CD-032A-4056-8155-4AA8B70F8933}.AppStore|iPhoneSimulator.Build.0 = Debug|Any CPU
		{EE2F40CD-032A-4056-8155-4AA8B70F8933}.AppStore|x64.ActiveCfg = Debug|Any CPU
		{EE2F40CD-032A-4056-8155-4AA8B70F8933}.AppStore|x64.Build.0 = Debug|Any CPU
		{EE2F40CD-032A-4056-8155-4AA8B70F8933}.AppStore|x86.ActiveCfg = Debug|Any CPU
		{EE2F40CD-032A-4056-8155-4AA8B70F8933}.AppStore|x86.Build.0 = Debug|Any CPU
		{EE2F40CD-032A-4056-8155-4AA8B70F8933}.Debug|Any CPU.ActiveCfg = Debug|Any CPU
		{EE2F40CD-032A-4056-8155-4AA8B70F8933}.Debug|Any CPU.Build.0 = Debug|Any CPU
		{EE2F40CD-032A-4056-8155-4AA8B70F8933}.Debug|ARM.ActiveCfg = Debug|Any CPU
		{EE2F40CD-032A-4056-8155-4AA8B70F8933}.Debug|ARM.Build.0 = Debug|Any CPU
		{EE2F40CD-032A-4056-8155-4AA8B70F8933}.Debug|iPhone.ActiveCfg = Debug|Any CPU
		{EE2F40CD-032A-4056-8155-4AA8B70F8933}.Debug|iPhone.Build.0 = Debug|Any CPU
		{EE2F40CD-032A-4056-8155-4AA8B70F8933}.Debug|iPhoneSimulator.ActiveCfg = Debug|Any CPU
		{EE2F40CD-032A-4056-8155-4AA8B70F8933}.Debug|iPhoneSimulator.Build.0 = Debug|Any CPU
		{EE2F40CD-032A-4056-8155-4AA8B70F8933}.Debug|x64.ActiveCfg = Debug|Any CPU
		{EE2F40CD-032A-4056-8155-4AA8B70F8933}.Debug|x64.Build.0 = Debug|Any CPU
		{EE2F40CD-032A-4056-8155-4AA8B70F8933}.Debug|x86.ActiveCfg = Debug|Any CPU
		{EE2F40CD-032A-4056-8155-4AA8B70F8933}.Debug|x86.Build.0 = Debug|Any CPU
		{EE2F40CD-032A-4056-8155-4AA8B70F8933}.Release|Any CPU.ActiveCfg = Release|Any CPU
		{EE2F40CD-032A-4056-8155-4AA8B70F8933}.Release|Any CPU.Build.0 = Release|Any CPU
		{EE2F40CD-032A-4056-8155-4AA8B70F8933}.Release|ARM.ActiveCfg = Release|Any CPU
		{EE2F40CD-032A-4056-8155-4AA8B70F8933}.Release|ARM.Build.0 = Release|Any CPU
		{EE2F40CD-032A-4056-8155-4AA8B70F8933}.Release|iPhone.ActiveCfg = Release|Any CPU
		{EE2F40CD-032A-4056-8155-4AA8B70F8933}.Release|iPhone.Build.0 = Release|Any CPU
		{EE2F40CD-032A-4056-8155-4AA8B70F8933}.Release|iPhoneSimulator.ActiveCfg = Release|Any CPU
		{EE2F40CD-032A-4056-8155-4AA8B70F8933}.Release|iPhoneSimulator.Build.0 = Release|Any CPU
		{EE2F40CD-032A-4056-8155-4AA8B70F8933}.Release|x64.ActiveCfg = Release|Any CPU
		{EE2F40CD-032A-4056-8155-4AA8B70F8933}.Release|x64.Build.0 = Release|Any CPU
		{EE2F40CD-032A-4056-8155-4AA8B70F8933}.Release|x86.ActiveCfg = Release|Any CPU
		{EE2F40CD-032A-4056-8155-4AA8B70F8933}.Release|x86.Build.0 = Release|Any CPU
		{BC59EBD0-BFDC-4547-A990-276F3DABAF97}.Ad-Hoc|Any CPU.ActiveCfg = Debug|Any CPU
		{BC59EBD0-BFDC-4547-A990-276F3DABAF97}.Ad-Hoc|Any CPU.Build.0 = Debug|Any CPU
		{BC59EBD0-BFDC-4547-A990-276F3DABAF97}.Ad-Hoc|ARM.ActiveCfg = Debug|Any CPU
		{BC59EBD0-BFDC-4547-A990-276F3DABAF97}.Ad-Hoc|ARM.Build.0 = Debug|Any CPU
		{BC59EBD0-BFDC-4547-A990-276F3DABAF97}.Ad-Hoc|iPhone.ActiveCfg = Debug|Any CPU
		{BC59EBD0-BFDC-4547-A990-276F3DABAF97}.Ad-Hoc|iPhone.Build.0 = Debug|Any CPU
		{BC59EBD0-BFDC-4547-A990-276F3DABAF97}.Ad-Hoc|iPhoneSimulator.ActiveCfg = Debug|Any CPU
		{BC59EBD0-BFDC-4547-A990-276F3DABAF97}.Ad-Hoc|iPhoneSimulator.Build.0 = Debug|Any CPU
		{BC59EBD0-BFDC-4547-A990-276F3DABAF97}.Ad-Hoc|x64.ActiveCfg = Debug|Any CPU
		{BC59EBD0-BFDC-4547-A990-276F3DABAF97}.Ad-Hoc|x64.Build.0 = Debug|Any CPU
		{BC59EBD0-BFDC-4547-A990-276F3DABAF97}.Ad-Hoc|x86.ActiveCfg = Debug|Any CPU
		{BC59EBD0-BFDC-4547-A990-276F3DABAF97}.Ad-Hoc|x86.Build.0 = Debug|Any CPU
		{BC59EBD0-BFDC-4547-A990-276F3DABAF97}.AppStore|Any CPU.ActiveCfg = Debug|Any CPU
		{BC59EBD0-BFDC-4547-A990-276F3DABAF97}.AppStore|Any CPU.Build.0 = Debug|Any CPU
		{BC59EBD0-BFDC-4547-A990-276F3DABAF97}.AppStore|ARM.ActiveCfg = Debug|Any CPU
		{BC59EBD0-BFDC-4547-A990-276F3DABAF97}.AppStore|ARM.Build.0 = Debug|Any CPU
		{BC59EBD0-BFDC-4547-A990-276F3DABAF97}.AppStore|iPhone.ActiveCfg = Debug|Any CPU
		{BC59EBD0-BFDC-4547-A990-276F3DABAF97}.AppStore|iPhone.Build.0 = Debug|Any CPU
		{BC59EBD0-BFDC-4547-A990-276F3DABAF97}.AppStore|iPhoneSimulator.ActiveCfg = Debug|Any CPU
		{BC59EBD0-BFDC-4547-A990-276F3DABAF97}.AppStore|iPhoneSimulator.Build.0 = Debug|Any CPU
		{BC59EBD0-BFDC-4547-A990-276F3DABAF97}.AppStore|x64.ActiveCfg = Debug|Any CPU
		{BC59EBD0-BFDC-4547-A990-276F3DABAF97}.AppStore|x64.Build.0 = Debug|Any CPU
		{BC59EBD0-BFDC-4547-A990-276F3DABAF97}.AppStore|x86.ActiveCfg = Debug|Any CPU
		{BC59EBD0-BFDC-4547-A990-276F3DABAF97}.AppStore|x86.Build.0 = Debug|Any CPU
		{BC59EBD0-BFDC-4547-A990-276F3DABAF97}.Debug|Any CPU.ActiveCfg = Debug|Any CPU
		{BC59EBD0-BFDC-4547-A990-276F3DABAF97}.Debug|Any CPU.Build.0 = Debug|Any CPU
		{BC59EBD0-BFDC-4547-A990-276F3DABAF97}.Debug|ARM.ActiveCfg = Debug|Any CPU
		{BC59EBD0-BFDC-4547-A990-276F3DABAF97}.Debug|ARM.Build.0 = Debug|Any CPU
		{BC59EBD0-BFDC-4547-A990-276F3DABAF97}.Debug|iPhone.ActiveCfg = Debug|Any CPU
		{BC59EBD0-BFDC-4547-A990-276F3DABAF97}.Debug|iPhone.Build.0 = Debug|Any CPU
		{BC59EBD0-BFDC-4547-A990-276F3DABAF97}.Debug|iPhoneSimulator.ActiveCfg = Debug|Any CPU
		{BC59EBD0-BFDC-4547-A990-276F3DABAF97}.Debug|iPhoneSimulator.Build.0 = Debug|Any CPU
		{BC59EBD0-BFDC-4547-A990-276F3DABAF97}.Debug|x64.ActiveCfg = Debug|Any CPU
		{BC59EBD0-BFDC-4547-A990-276F3DABAF97}.Debug|x64.Build.0 = Debug|Any CPU
		{BC59EBD0-BFDC-4547-A990-276F3DABAF97}.Debug|x86.ActiveCfg = Debug|Any CPU
		{BC59EBD0-BFDC-4547-A990-276F3DABAF97}.Debug|x86.Build.0 = Debug|Any CPU
		{BC59EBD0-BFDC-4547-A990-276F3DABAF97}.Release|Any CPU.ActiveCfg = Release|Any CPU
		{BC59EBD0-BFDC-4547-A990-276F3DABAF97}.Release|Any CPU.Build.0 = Release|Any CPU
		{BC59EBD0-BFDC-4547-A990-276F3DABAF97}.Release|ARM.ActiveCfg = Release|Any CPU
		{BC59EBD0-BFDC-4547-A990-276F3DABAF97}.Release|ARM.Build.0 = Release|Any CPU
		{BC59EBD0-BFDC-4547-A990-276F3DABAF97}.Release|iPhone.ActiveCfg = Release|Any CPU
		{BC59EBD0-BFDC-4547-A990-276F3DABAF97}.Release|iPhone.Build.0 = Release|Any CPU
		{BC59EBD0-BFDC-4547-A990-276F3DABAF97}.Release|iPhoneSimulator.ActiveCfg = Release|Any CPU
		{BC59EBD0-BFDC-4547-A990-276F3DABAF97}.Release|iPhoneSimulator.Build.0 = Release|Any CPU
		{BC59EBD0-BFDC-4547-A990-276F3DABAF97}.Release|x64.ActiveCfg = Release|Any CPU
		{BC59EBD0-BFDC-4547-A990-276F3DABAF97}.Release|x64.Build.0 = Release|Any CPU
		{BC59EBD0-BFDC-4547-A990-276F3DABAF97}.Release|x86.ActiveCfg = Release|Any CPU
		{BC59EBD0-BFDC-4547-A990-276F3DABAF97}.Release|x86.Build.0 = Release|Any CPU
		{C647223C-D986-4D36-B265-5BD7C40BBD5A}.Ad-Hoc|Any CPU.ActiveCfg = Debug|Any CPU
		{C647223C-D986-4D36-B265-5BD7C40BBD5A}.Ad-Hoc|Any CPU.Build.0 = Debug|Any CPU
		{C647223C-D986-4D36-B265-5BD7C40BBD5A}.Ad-Hoc|ARM.ActiveCfg = Debug|Any CPU
		{C647223C-D986-4D36-B265-5BD7C40BBD5A}.Ad-Hoc|ARM.Build.0 = Debug|Any CPU
		{C647223C-D986-4D36-B265-5BD7C40BBD5A}.Ad-Hoc|iPhone.ActiveCfg = Debug|Any CPU
		{C647223C-D986-4D36-B265-5BD7C40BBD5A}.Ad-Hoc|iPhone.Build.0 = Debug|Any CPU
		{C647223C-D986-4D36-B265-5BD7C40BBD5A}.Ad-Hoc|iPhoneSimulator.ActiveCfg = Debug|Any CPU
		{C647223C-D986-4D36-B265-5BD7C40BBD5A}.Ad-Hoc|iPhoneSimulator.Build.0 = Debug|Any CPU
		{C647223C-D986-4D36-B265-5BD7C40BBD5A}.Ad-Hoc|x64.ActiveCfg = Debug|Any CPU
		{C647223C-D986-4D36-B265-5BD7C40BBD5A}.Ad-Hoc|x64.Build.0 = Debug|Any CPU
		{C647223C-D986-4D36-B265-5BD7C40BBD5A}.Ad-Hoc|x86.ActiveCfg = Debug|Any CPU
		{C647223C-D986-4D36-B265-5BD7C40BBD5A}.Ad-Hoc|x86.Build.0 = Debug|Any CPU
		{C647223C-D986-4D36-B265-5BD7C40BBD5A}.AppStore|Any CPU.ActiveCfg = Debug|Any CPU
		{C647223C-D986-4D36-B265-5BD7C40BBD5A}.AppStore|Any CPU.Build.0 = Debug|Any CPU
		{C647223C-D986-4D36-B265-5BD7C40BBD5A}.AppStore|ARM.ActiveCfg = Debug|Any CPU
		{C647223C-D986-4D36-B265-5BD7C40BBD5A}.AppStore|ARM.Build.0 = Debug|Any CPU
		{C647223C-D986-4D36-B265-5BD7C40BBD5A}.AppStore|iPhone.ActiveCfg = Debug|Any CPU
		{C647223C-D986-4D36-B265-5BD7C40BBD5A}.AppStore|iPhone.Build.0 = Debug|Any CPU
		{C647223C-D986-4D36-B265-5BD7C40BBD5A}.AppStore|iPhoneSimulator.ActiveCfg = Debug|Any CPU
		{C647223C-D986-4D36-B265-5BD7C40BBD5A}.AppStore|iPhoneSimulator.Build.0 = Debug|Any CPU
		{C647223C-D986-4D36-B265-5BD7C40BBD5A}.AppStore|x64.ActiveCfg = Debug|Any CPU
		{C647223C-D986-4D36-B265-5BD7C40BBD5A}.AppStore|x64.Build.0 = Debug|Any CPU
		{C647223C-D986-4D36-B265-5BD7C40BBD5A}.AppStore|x86.ActiveCfg = Debug|Any CPU
		{C647223C-D986-4D36-B265-5BD7C40BBD5A}.AppStore|x86.Build.0 = Debug|Any CPU
		{C647223C-D986-4D36-B265-5BD7C40BBD5A}.Debug|Any CPU.ActiveCfg = Debug|Any CPU
		{C647223C-D986-4D36-B265-5BD7C40BBD5A}.Debug|Any CPU.Build.0 = Debug|Any CPU
		{C647223C-D986-4D36-B265-5BD7C40BBD5A}.Debug|ARM.ActiveCfg = Debug|Any CPU
		{C647223C-D986-4D36-B265-5BD7C40BBD5A}.Debug|ARM.Build.0 = Debug|Any CPU
		{C647223C-D986-4D36-B265-5BD7C40BBD5A}.Debug|iPhone.ActiveCfg = Debug|Any CPU
		{C647223C-D986-4D36-B265-5BD7C40BBD5A}.Debug|iPhone.Build.0 = Debug|Any CPU
		{C647223C-D986-4D36-B265-5BD7C40BBD5A}.Debug|iPhoneSimulator.ActiveCfg = Debug|Any CPU
		{C647223C-D986-4D36-B265-5BD7C40BBD5A}.Debug|iPhoneSimulator.Build.0 = Debug|Any CPU
		{C647223C-D986-4D36-B265-5BD7C40BBD5A}.Debug|x64.ActiveCfg = Debug|Any CPU
		{C647223C-D986-4D36-B265-5BD7C40BBD5A}.Debug|x64.Build.0 = Debug|Any CPU
		{C647223C-D986-4D36-B265-5BD7C40BBD5A}.Debug|x86.ActiveCfg = Debug|Any CPU
		{C647223C-D986-4D36-B265-5BD7C40BBD5A}.Debug|x86.Build.0 = Debug|Any CPU
		{C647223C-D986-4D36-B265-5BD7C40BBD5A}.Release|Any CPU.ActiveCfg = Release|Any CPU
		{C647223C-D986-4D36-B265-5BD7C40BBD5A}.Release|Any CPU.Build.0 = Release|Any CPU
		{C647223C-D986-4D36-B265-5BD7C40BBD5A}.Release|ARM.ActiveCfg = Release|Any CPU
		{C647223C-D986-4D36-B265-5BD7C40BBD5A}.Release|ARM.Build.0 = Release|Any CPU
		{C647223C-D986-4D36-B265-5BD7C40BBD5A}.Release|iPhone.ActiveCfg = Release|Any CPU
		{C647223C-D986-4D36-B265-5BD7C40BBD5A}.Release|iPhone.Build.0 = Release|Any CPU
		{C647223C-D986-4D36-B265-5BD7C40BBD5A}.Release|iPhoneSimulator.ActiveCfg = Release|Any CPU
		{C647223C-D986-4D36-B265-5BD7C40BBD5A}.Release|iPhoneSimulator.Build.0 = Release|Any CPU
		{C647223C-D986-4D36-B265-5BD7C40BBD5A}.Release|x64.ActiveCfg = Release|Any CPU
		{C647223C-D986-4D36-B265-5BD7C40BBD5A}.Release|x64.Build.0 = Release|Any CPU
		{C647223C-D986-4D36-B265-5BD7C40BBD5A}.Release|x86.ActiveCfg = Release|Any CPU
		{C647223C-D986-4D36-B265-5BD7C40BBD5A}.Release|x86.Build.0 = Release|Any CPU
		{9A3E0A2F-1BC8-48E9-B124-AB3D26718F15}.Ad-Hoc|Any CPU.ActiveCfg = Debug|Any CPU
		{9A3E0A2F-1BC8-48E9-B124-AB3D26718F15}.Ad-Hoc|Any CPU.Build.0 = Debug|Any CPU
		{9A3E0A2F-1BC8-48E9-B124-AB3D26718F15}.Ad-Hoc|ARM.ActiveCfg = Debug|Any CPU
		{9A3E0A2F-1BC8-48E9-B124-AB3D26718F15}.Ad-Hoc|ARM.Build.0 = Debug|Any CPU
		{9A3E0A2F-1BC8-48E9-B124-AB3D26718F15}.Ad-Hoc|iPhone.ActiveCfg = Debug|Any CPU
		{9A3E0A2F-1BC8-48E9-B124-AB3D26718F15}.Ad-Hoc|iPhone.Build.0 = Debug|Any CPU
		{9A3E0A2F-1BC8-48E9-B124-AB3D26718F15}.Ad-Hoc|iPhoneSimulator.ActiveCfg = Debug|Any CPU
		{9A3E0A2F-1BC8-48E9-B124-AB3D26718F15}.Ad-Hoc|iPhoneSimulator.Build.0 = Debug|Any CPU
		{9A3E0A2F-1BC8-48E9-B124-AB3D26718F15}.Ad-Hoc|x64.ActiveCfg = Debug|Any CPU
		{9A3E0A2F-1BC8-48E9-B124-AB3D26718F15}.Ad-Hoc|x64.Build.0 = Debug|Any CPU
		{9A3E0A2F-1BC8-48E9-B124-AB3D26718F15}.Ad-Hoc|x86.ActiveCfg = Debug|Any CPU
		{9A3E0A2F-1BC8-48E9-B124-AB3D26718F15}.Ad-Hoc|x86.Build.0 = Debug|Any CPU
		{9A3E0A2F-1BC8-48E9-B124-AB3D26718F15}.AppStore|Any CPU.ActiveCfg = Debug|Any CPU
		{9A3E0A2F-1BC8-48E9-B124-AB3D26718F15}.AppStore|Any CPU.Build.0 = Debug|Any CPU
		{9A3E0A2F-1BC8-48E9-B124-AB3D26718F15}.AppStore|ARM.ActiveCfg = Debug|Any CPU
		{9A3E0A2F-1BC8-48E9-B124-AB3D26718F15}.AppStore|ARM.Build.0 = Debug|Any CPU
		{9A3E0A2F-1BC8-48E9-B124-AB3D26718F15}.AppStore|iPhone.ActiveCfg = Debug|Any CPU
		{9A3E0A2F-1BC8-48E9-B124-AB3D26718F15}.AppStore|iPhone.Build.0 = Debug|Any CPU
		{9A3E0A2F-1BC8-48E9-B124-AB3D26718F15}.AppStore|iPhoneSimulator.ActiveCfg = Debug|Any CPU
		{9A3E0A2F-1BC8-48E9-B124-AB3D26718F15}.AppStore|iPhoneSimulator.Build.0 = Debug|Any CPU
		{9A3E0A2F-1BC8-48E9-B124-AB3D26718F15}.AppStore|x64.ActiveCfg = Debug|Any CPU
		{9A3E0A2F-1BC8-48E9-B124-AB3D26718F15}.AppStore|x64.Build.0 = Debug|Any CPU
		{9A3E0A2F-1BC8-48E9-B124-AB3D26718F15}.AppStore|x86.ActiveCfg = Debug|Any CPU
		{9A3E0A2F-1BC8-48E9-B124-AB3D26718F15}.AppStore|x86.Build.0 = Debug|Any CPU
		{9A3E0A2F-1BC8-48E9-B124-AB3D26718F15}.Debug|Any CPU.ActiveCfg = Debug|Any CPU
		{9A3E0A2F-1BC8-48E9-B124-AB3D26718F15}.Debug|Any CPU.Build.0 = Debug|Any CPU
		{9A3E0A2F-1BC8-48E9-B124-AB3D26718F15}.Debug|ARM.ActiveCfg = Debug|Any CPU
		{9A3E0A2F-1BC8-48E9-B124-AB3D26718F15}.Debug|ARM.Build.0 = Debug|Any CPU
		{9A3E0A2F-1BC8-48E9-B124-AB3D26718F15}.Debug|iPhone.ActiveCfg = Debug|Any CPU
		{9A3E0A2F-1BC8-48E9-B124-AB3D26718F15}.Debug|iPhone.Build.0 = Debug|Any CPU
		{9A3E0A2F-1BC8-48E9-B124-AB3D26718F15}.Debug|iPhoneSimulator.ActiveCfg = Debug|Any CPU
		{9A3E0A2F-1BC8-48E9-B124-AB3D26718F15}.Debug|iPhoneSimulator.Build.0 = Debug|Any CPU
		{9A3E0A2F-1BC8-48E9-B124-AB3D26718F15}.Debug|x64.ActiveCfg = Debug|Any CPU
		{9A3E0A2F-1BC8-48E9-B124-AB3D26718F15}.Debug|x64.Build.0 = Debug|Any CPU
		{9A3E0A2F-1BC8-48E9-B124-AB3D26718F15}.Debug|x86.ActiveCfg = Debug|Any CPU
		{9A3E0A2F-1BC8-48E9-B124-AB3D26718F15}.Debug|x86.Build.0 = Debug|Any CPU
		{9A3E0A2F-1BC8-48E9-B124-AB3D26718F15}.Release|Any CPU.ActiveCfg = Release|Any CPU
		{9A3E0A2F-1BC8-48E9-B124-AB3D26718F15}.Release|Any CPU.Build.0 = Release|Any CPU
		{9A3E0A2F-1BC8-48E9-B124-AB3D26718F15}.Release|ARM.ActiveCfg = Release|Any CPU
		{9A3E0A2F-1BC8-48E9-B124-AB3D26718F15}.Release|ARM.Build.0 = Release|Any CPU
		{9A3E0A2F-1BC8-48E9-B124-AB3D26718F15}.Release|iPhone.ActiveCfg = Release|Any CPU
		{9A3E0A2F-1BC8-48E9-B124-AB3D26718F15}.Release|iPhone.Build.0 = Release|Any CPU
		{9A3E0A2F-1BC8-48E9-B124-AB3D26718F15}.Release|iPhoneSimulator.ActiveCfg = Release|Any CPU
		{9A3E0A2F-1BC8-48E9-B124-AB3D26718F15}.Release|iPhoneSimulator.Build.0 = Release|Any CPU
		{9A3E0A2F-1BC8-48E9-B124-AB3D26718F15}.Release|x64.ActiveCfg = Release|Any CPU
		{9A3E0A2F-1BC8-48E9-B124-AB3D26718F15}.Release|x64.Build.0 = Release|Any CPU
		{9A3E0A2F-1BC8-48E9-B124-AB3D26718F15}.Release|x86.ActiveCfg = Release|Any CPU
		{9A3E0A2F-1BC8-48E9-B124-AB3D26718F15}.Release|x86.Build.0 = Release|Any CPU
	EndGlobalSection
	GlobalSection(SolutionProperties) = preSolution
		HideSolutionNode = FALSE
	EndGlobalSection
	GlobalSection(NestedProjects) = preSolution
		{00FEA7A9-4189-40AE-8F15-62E16B0D03DB} = {8193F199-FA8F-494B-AD77-41EF80E3631A}
		{813FAB95-AE16-40A5-AD1C-E49D359E9A99} = {8193F199-FA8F-494B-AD77-41EF80E3631A}
		{9C2AF7FD-255B-4203-8990-B0AC913FE723} = {8193F199-FA8F-494B-AD77-41EF80E3631A}
		{D07689F9-3D6D-4454-A9C5-0AC4268A4DFD} = {8193F199-FA8F-494B-AD77-41EF80E3631A}
		{744D1C4B-D713-4C30-BF9B-D42E7F78D33B} = {8193F199-FA8F-494B-AD77-41EF80E3631A}
		{86AD3A79-9407-4DDA-9A51-DC1A7D9DE1BA} = {8193F199-FA8F-494B-AD77-41EF80E3631A}
		{8193F199-FA8F-494B-AD77-41EF80E3631A} = {DCDCA3DA-0AFE-457A-A327-39845E9D8E0E}
		{EE2F40CD-032A-4056-8155-4AA8B70F8933} = {0526B5D8-3982-4FF1-83A9-28818DFCECC9}
		{BC59EBD0-BFDC-4547-A990-276F3DABAF97} = {D2C22709-B15F-4AC8-B10B-0063CA15E1DC}
		{C647223C-D986-4D36-B265-5BD7C40BBD5A} = {D2C22709-B15F-4AC8-B10B-0063CA15E1DC}
		{9A3E0A2F-1BC8-48E9-B124-AB3D26718F15} = {0526B5D8-3982-4FF1-83A9-28818DFCECC9}
		{196E821C-80D9-4149-986A-10BAA326A0F7} = {DCDCA3DA-0AFE-457A-A327-39845E9D8E0E}
		{60525725-32CB-4743-B2A0-B65A2787C9BD} = {DCDCA3DA-0AFE-457A-A327-39845E9D8E0E}
		{EA101EE9-2DF4-4AC9-90AF-403AF3F1DB70} = {DCDCA3DA-0AFE-457A-A327-39845E9D8E0E}
	EndGlobalSection
	GlobalSection(ExtensibilityGlobals) = postSolution
		SolutionGuid = {BFCB89AE-41FE-4004-84C3-CDF241DD471D}
	EndGlobalSection
EndGlobal
